
Microsoft Visual Studio Solution File, Format Version 12.00
# Visual Studio 15
VisualStudioVersion = 15.0.28010.2016
MinimumVisualStudioVersion = 10.0.40219.1
Project("{FAE04EC0-301F-11D3-BF4B-00C04F79EFBC}") = "HangFire_Test", "HangFire_Test\HangFire_Test.csproj", "{A29E9C68-09BC-4EAB-B72A-4A919D9F427F}"
EndProject
Global
	GlobalSection(SolutionConfigurationPlatforms) = preSolution
		Debug|Any CPU = Debug|Any CPU
		Release|Any CPU = Release|Any CPU
	EndGlobalSection
	GlobalSection(ProjectConfigurationPlatforms) = postSolution
		{A29E9C68-09BC-4EAB-B72A-4A919D9F427F}.Debug|Any CPU.ActiveCfg = Debug|Any CPU
		{A29E9C68-09BC-4EAB-B72A-4A919D9F427F}.Debug|Any CPU.Build.0 = Debug|Any CPU
		{A29E9C68-09BC-4EAB-B72A-4A919D9F427F}.Release|Any CPU.ActiveCfg = Release|Any CPU
		{A29E9C68-09BC-4EAB-B72A-4A919D9F427F}.Release|Any CPU.Build.0 = Release|Any CPU
	EndGlobalSection
	GlobalSection(SolutionProperties) = preSolution
		HideSolutionNode = FALSE
	EndGlobalSection
	GlobalSection(ExtensibilityGlobals) = postSolution
		SolutionGuid = {FF04C0F6-0CAF-49F9-8AE2-22C025AED9A8}
	EndGlobalSection
EndGlobal
